
Microsoft Visual Studio Solution File, Format Version 12.00
# Visual Studio Version 17
VisualStudioVersion = 17.12.35527.113 d17.12
MinimumVisualStudioVersion = 10.0.40219.1
Project("{FAE04EC0-301F-11D3-BF4B-00C04F79EFBC}") = "QuickMart", "QuickMart\QuickMart.csproj", "{B3C9AE06-F13A-4D99-B9E3-607CC1C665B2}"
EndProject
Project("{FAE04EC0-301F-11D3-BF4B-00C04F79EFBC}") = "QuickMart.Services", "QuickMart.Services\QuickMart.Services.csproj", "{5F899B18-447B-43D9-8633-3EBE6F8B0E69}"
EndProject
Project("{FAE04EC0-301F-11D3-BF4B-00C04F79EFBC}") = "QuickMart.Data", "QuickMart.Data\QuickMart.Data.csproj", "{E605EE5E-C084-4E59-B15D-9EACCABDB1F7}"
EndProject
Global
	GlobalSection(SolutionConfigurationPlatforms) = preSolution
		Debug|Any CPU = Debug|Any CPU
		Release|Any CPU = Release|Any CPU
	EndGlobalSection
	GlobalSection(ProjectConfigurationPlatforms) = postSolution
		{B3C9AE06-F13A-4D99-B9E3-607CC1C665B2}.Debug|Any CPU.ActiveCfg = Debug|Any CPU
		{B3C9AE06-F13A-4D99-B9E3-607CC1C665B2}.Debug|Any CPU.Build.0 = Debug|Any CPU
		{B3C9AE06-F13A-4D99-B9E3-607CC1C665B2}.Release|Any CPU.ActiveCfg = Release|Any CPU
		{B3C9AE06-F13A-4D99-B9E3-607CC1C665B2}.Release|Any CPU.Build.0 = Release|Any CPU
		{5F899B18-447B-43D9-8633-3EBE6F8B0E69}.Debug|Any CPU.ActiveCfg = Debug|Any CPU
		{5F899B18-447B-43D9-8633-3EBE6F8B0E69}.Debug|Any CPU.Build.0 = Debug|Any CPU
		{5F899B18-447B-43D9-8633-3EBE6F8B0E69}.Release|Any CPU.ActiveCfg = Release|Any CPU
		{5F899B18-447B-43D9-8633-3EBE6F8B0E69}.Release|Any CPU.Build.0 = Release|Any CPU
		{E605EE5E-C084-4E59-B15D-9EACCABDB1F7}.Debug|Any CPU.ActiveCfg = Debug|Any CPU
		{E605EE5E-C084-4E59-B15D-9EACCABDB1F7}.Debug|Any CPU.Build.0 = Debug|Any CPU
		{E605EE5E-C084-4E59-B15D-9EACCABDB1F7}.Release|Any CPU.ActiveCfg = Release|Any CPU
		{E605EE5E-C084-4E59-B15D-9EACCABDB1F7}.Release|Any CPU.Build.0 = Release|Any CPU
	EndGlobalSection
	GlobalSection(SolutionProperties) = preSolution
		HideSolutionNode = FALSE
	EndGlobalSection
EndGlobal
